
Microsoft Visual Studio Solution File, Format Version 12.00
Project("{FAE04EC0-301F-11D3-BF4B-00C04F79EFBC}") = "AsyncOnly", "AsyncOnly\AsyncOnly.csproj", "{7779239D-4B83-40D4-A689-7ED24F2DCD86}"
EndProject
Project("{FAE04EC0-301F-11D3-BF4B-00C04F79EFBC}") = "DosAndDonts", "DosAndDonts\DosAndDonts.csproj", "{06AAF5D5-6E63-472A-ABB3-F1928A5A8845}"
EndProject
Project("{FAE04EC0-301F-11D3-BF4B-00C04F79EFBC}") = "Deadlock", "Deadlock\Deadlock.csproj", "{7959D251-A8F7-4C8E-BEE1-B2B6E1889464}"
EndProject
Global
	GlobalSection(SolutionConfigurationPlatforms) = preSolution
		Debug|Any CPU = Debug|Any CPU
		Release|Any CPU = Release|Any CPU
	EndGlobalSection
	GlobalSection(ProjectConfigurationPlatforms) = postSolution
		{7779239D-4B83-40D4-A689-7ED24F2DCD86}.Debug|Any CPU.ActiveCfg = Debug|Any CPU
		{7779239D-4B83-40D4-A689-7ED24F2DCD86}.Debug|Any CPU.Build.0 = Debug|Any CPU
		{7779239D-4B83-40D4-A689-7ED24F2DCD86}.Release|Any CPU.ActiveCfg = Release|Any CPU
		{7779239D-4B83-40D4-A689-7ED24F2DCD86}.Release|Any CPU.Build.0 = Release|Any CPU
		{06AAF5D5-6E63-472A-ABB3-F1928A5A8845}.Debug|Any CPU.ActiveCfg = Debug|Any CPU
		{06AAF5D5-6E63-472A-ABB3-F1928A5A8845}.Debug|Any CPU.Build.0 = Debug|Any CPU
		{06AAF5D5-6E63-472A-ABB3-F1928A5A8845}.Release|Any CPU.ActiveCfg = Release|Any CPU
		{06AAF5D5-6E63-472A-ABB3-F1928A5A8845}.Release|Any CPU.Build.0 = Release|Any CPU
		{7959D251-A8F7-4C8E-BEE1-B2B6E1889464}.Debug|Any CPU.ActiveCfg = Debug|Any CPU
		{7959D251-A8F7-4C8E-BEE1-B2B6E1889464}.Debug|Any CPU.Build.0 = Debug|Any CPU
		{7959D251-A8F7-4C8E-BEE1-B2B6E1889464}.Release|Any CPU.ActiveCfg = Release|Any CPU
		{7959D251-A8F7-4C8E-BEE1-B2B6E1889464}.Release|Any CPU.Build.0 = Release|Any CPU
	EndGlobalSection
EndGlobal
