
Microsoft Visual Studio Solution File, Format Version 12.00
Project("{FAE04EC0-301F-11D3-BF4B-00C04F79EFBC}") = "AsyncExamples", "AsyncExamples\AsyncExamples.csproj", "{90A53F52-AAE3-4F95-AD58-0AAE9744F7F1}"
EndProject
Project("{FAE04EC0-301F-11D3-BF4B-00C04F79EFBC}") = "FileExample", "FileExample\FileExample.csproj", "{7779239D-4B83-40D4-A689-7ED24F2DCD86}"
EndProject
Global
	GlobalSection(SolutionConfigurationPlatforms) = preSolution
		Debug|Any CPU = Debug|Any CPU
		Release|Any CPU = Release|Any CPU
	EndGlobalSection
	GlobalSection(ProjectConfigurationPlatforms) = postSolution
		{90A53F52-AAE3-4F95-AD58-0AAE9744F7F1}.Debug|Any CPU.ActiveCfg = Debug|Any CPU
		{90A53F52-AAE3-4F95-AD58-0AAE9744F7F1}.Debug|Any CPU.Build.0 = Debug|Any CPU
		{90A53F52-AAE3-4F95-AD58-0AAE9744F7F1}.Release|Any CPU.ActiveCfg = Release|Any CPU
		{90A53F52-AAE3-4F95-AD58-0AAE9744F7F1}.Release|Any CPU.Build.0 = Release|Any CPU
		{7779239D-4B83-40D4-A689-7ED24F2DCD86}.Debug|Any CPU.ActiveCfg = Debug|Any CPU
		{7779239D-4B83-40D4-A689-7ED24F2DCD86}.Debug|Any CPU.Build.0 = Debug|Any CPU
		{7779239D-4B83-40D4-A689-7ED24F2DCD86}.Release|Any CPU.ActiveCfg = Release|Any CPU
		{7779239D-4B83-40D4-A689-7ED24F2DCD86}.Release|Any CPU.Build.0 = Release|Any CPU
	EndGlobalSection
EndGlobal
